// !$*UTF8*$!
{
	archiveVersion = 1;
	classes = {
	};
	objectVersion = 50;
	objects = {

/* Begin PBXBuildFile section */
		2D1D75F5320834B423F6B893 /* Pods_SimpleDashboardWithTabbarRxSwiftTests.framework in Frameworks */ = {isa = PBXBuildFile; fileRef = 7BB8C52901BD67B3EBAA97C5 /* Pods_SimpleDashboardWithTabbarRxSwiftTests.framework */; };
		67A3F4D2F5CABF11836B268D /* Pods_SimpleDashboardWithTabbarRxSwift.framework in Frameworks */ = {isa = PBXBuildFile; fileRef = B9D9652137F0DA6F98B3614D /* Pods_SimpleDashboardWithTabbarRxSwift.framework */; };
		813D6FD3AA7F19E3ECBB3F1A /* Pods_SimpleDashboardWithTabbarRxSwiftUITests.framework in Frameworks */ = {isa = PBXBuildFile; fileRef = A52B8B3CF0D46EBA685D23C5 /* Pods_SimpleDashboardWithTabbarRxSwiftUITests.framework */; };
		869F648222B32B9100F073C5 /* AppDelegate.swift in Sources */ = {isa = PBXBuildFile; fileRef = 869F648122B32B9100F073C5 /* AppDelegate.swift */; };
		869F648422B32B9100F073C5 /* FirstViewController.swift in Sources */ = {isa = PBXBuildFile; fileRef = 869F648322B32B9100F073C5 /* FirstViewController.swift */; };
		869F648622B32B9100F073C5 /* SecondViewController.swift in Sources */ = {isa = PBXBuildFile; fileRef = 869F648522B32B9100F073C5 /* SecondViewController.swift */; };
		869F648922B32B9100F073C5 /* Main.storyboard in Resources */ = {isa = PBXBuildFile; fileRef = 869F648722B32B9100F073C5 /* Main.storyboard */; };
		869F648B22B32B9200F073C5 /* Assets.xcassets in Resources */ = {isa = PBXBuildFile; fileRef = 869F648A22B32B9200F073C5 /* Assets.xcassets */; };
		869F648E22B32B9200F073C5 /* LaunchScreen.storyboard in Resources */ = {isa = PBXBuildFile; fileRef = 869F648C22B32B9200F073C5 /* LaunchScreen.storyboard */; };
		869F649922B32B9200F073C5 /* SimpleDashboardWithTabbarRxSwiftTests.swift in Sources */ = {isa = PBXBuildFile; fileRef = 869F649822B32B9200F073C5 /* SimpleDashboardWithTabbarRxSwiftTests.swift */; };
		869F64A422B32B9200F073C5 /* SimpleDashboardWithTabbarRxSwiftUITests.swift in Sources */ = {isa = PBXBuildFile; fileRef = 869F64A322B32B9200F073C5 /* SimpleDashboardWithTabbarRxSwiftUITests.swift */; };
		869F64B222B32C5D00F073C5 /* TabbarController.swift in Sources */ = {isa = PBXBuildFile; fileRef = 869F64B122B32C5D00F073C5 /* TabbarController.swift */; };
/* End PBXBuildFile section */

/* Begin PBXContainerItemProxy section */
		869F649522B32B9200F073C5 /* PBXContainerItemProxy */ = {
			isa = PBXContainerItemProxy;
			containerPortal = 869F647622B32B9100F073C5 /* Project object */;
			proxyType = 1;
			remoteGlobalIDString = 869F647D22B32B9100F073C5;
			remoteInfo = SimpleDashboardWithTabbarRxSwift;
		};
		869F64A022B32B9200F073C5 /* PBXContainerItemProxy */ = {
			isa = PBXContainerItemProxy;
			containerPortal = 869F647622B32B9100F073C5 /* Project object */;
			proxyType = 1;
			remoteGlobalIDString = 869F647D22B32B9100F073C5;
			remoteInfo = SimpleDashboardWithTabbarRxSwift;
		};
/* End PBXContainerItemProxy section */

/* Begin PBXFileReference section */
		0651137CB23DCC594AA805AB /* Pods-SimpleDashboardWithTabbarRxSwift.debug.xcconfig */ = {isa = PBXFileReference; includeInIndex = 1; lastKnownFileType = text.xcconfig; name = "Pods-SimpleDashboardWithTabbarRxSwift.debug.xcconfig"; path = "Target Support Files/Pods-SimpleDashboardWithTabbarRxSwift/Pods-SimpleDashboardWithTabbarRxSwift.debug.xcconfig"; sourceTree = "<group>"; };
		657BB4239B253466A586BE8E /* Pods-SimpleDashboardWithTabbarRxSwift.release.xcconfig */ = {isa = PBXFileReference; includeInIndex = 1; lastKnownFileType = text.xcconfig; name = "Pods-SimpleDashboardWithTabbarRxSwift.release.xcconfig"; path = "Target Support Files/Pods-SimpleDashboardWithTabbarRxSwift/Pods-SimpleDashboardWithTabbarRxSwift.release.xcconfig"; sourceTree = "<group>"; };
		6A5626B31791792C77F2DCC5 /* Pods-SimpleDashboardWithTabbarRxSwiftTests.release.xcconfig */ = {isa = PBXFileReference; includeInIndex = 1; lastKnownFileType = text.xcconfig; name = "Pods-SimpleDashboardWithTabbarRxSwiftTests.release.xcconfig"; path = "Target Support Files/Pods-SimpleDashboardWithTabbarRxSwiftTests/Pods-SimpleDashboardWithTabbarRxSwiftTests.release.xcconfig"; sourceTree = "<group>"; };
		7BB8C52901BD67B3EBAA97C5 /* Pods_SimpleDashboardWithTabbarRxSwiftTests.framework */ = {isa = PBXFileReference; explicitFileType = wrapper.framework; includeInIndex = 0; path = Pods_SimpleDashboardWithTabbarRxSwiftTests.framework; sourceTree = BUILT_PRODUCTS_DIR; };
		869F647E22B32B9100F073C5 /* SimpleDashboardWithTabbarRxSwift.app */ = {isa = PBXFileReference; explicitFileType = wrapper.application; includeInIndex = 0; path = SimpleDashboardWithTabbarRxSwift.app; sourceTree = BUILT_PRODUCTS_DIR; };
		869F648122B32B9100F073C5 /* AppDelegate.swift */ = {isa = PBXFileReference; lastKnownFileType = sourcecode.swift; path = AppDelegate.swift; sourceTree = "<group>"; };
		869F648322B32B9100F073C5 /* FirstViewController.swift */ = {isa = PBXFileReference; lastKnownFileType = sourcecode.swift; path = FirstViewController.swift; sourceTree = "<group>"; };
		869F648522B32B9100F073C5 /* SecondViewController.swift */ = {isa = PBXFileReference; lastKnownFileType = sourcecode.swift; path = SecondViewController.swift; sourceTree = "<group>"; };
		869F648822B32B9100F073C5 /* Base */ = {isa = PBXFileReference; lastKnownFileType = file.storyboard; name = Base; path = Base.lproj/Main.storyboard; sourceTree = "<group>"; };
		869F648A22B32B9200F073C5 /* Assets.xcassets */ = {isa = PBXFileReference; lastKnownFileType = folder.assetcatalog; path = Assets.xcassets; sourceTree = "<group>"; };
		869F648D22B32B9200F073C5 /* Base */ = {isa = PBXFileReference; lastKnownFileType = file.storyboard; name = Base; path = Base.lproj/LaunchScreen.storyboard; sourceTree = "<group>"; };
		869F648F22B32B9200F073C5 /* Info.plist */ = {isa = PBXFileReference; lastKnownFileType = text.plist.xml; path = Info.plist; sourceTree = "<group>"; };
		869F649422B32B9200F073C5 /* SimpleDashboardWithTabbarRxSwiftTests.xctest */ = {isa = PBXFileReference; explicitFileType = wrapper.cfbundle; includeInIndex = 0; path = SimpleDashboardWithTabbarRxSwiftTests.xctest; sourceTree = BUILT_PRODUCTS_DIR; };
		869F649822B32B9200F073C5 /* SimpleDashboardWithTabbarRxSwiftTests.swift */ = {isa = PBXFileReference; lastKnownFileType = sourcecode.swift; path = SimpleDashboardWithTabbarRxSwiftTests.swift; sourceTree = "<group>"; };
		869F649A22B32B9200F073C5 /* Info.plist */ = {isa = PBXFileReference; lastKnownFileType = text.plist.xml; path = Info.plist; sourceTree = "<group>"; };
		869F649F22B32B9200F073C5 /* SimpleDashboardWithTabbarRxSwiftUITests.xctest */ = {isa = PBXFileReference; explicitFileType = wrapper.cfbundle; includeInIndex = 0; path = SimpleDashboardWithTabbarRxSwiftUITests.xctest; sourceTree = BUILT_PRODUCTS_DIR; };
		869F64A322B32B9200F073C5 /* SimpleDashboardWithTabbarRxSwiftUITests.swift */ = {isa = PBXFileReference; lastKnownFileType = sourcecode.swift; path = SimpleDashboardWithTabbarRxSwiftUITests.swift; sourceTree = "<group>"; };
		869F64A522B32B9200F073C5 /* Info.plist */ = {isa = PBXFileReference; lastKnownFileType = text.plist.xml; path = Info.plist; sourceTree = "<group>"; };
		869F64B122B32C5D00F073C5 /* TabbarController.swift */ = {isa = PBXFileReference; lastKnownFileType = sourcecode.swift; path = TabbarController.swift; sourceTree = "<group>"; };
		A52B8B3CF0D46EBA685D23C5 /* Pods_SimpleDashboardWithTabbarRxSwiftUITests.framework */ = {isa = PBXFileReference; explicitFileType = wrapper.framework; includeInIndex = 0; path = Pods_SimpleDashboardWithTabbarRxSwiftUITests.framework; sourceTree = BUILT_PRODUCTS_DIR; };
		B9D9652137F0DA6F98B3614D /* Pods_SimpleDashboardWithTabbarRxSwift.framework */ = {isa = PBXFileReference; explicitFileType = wrapper.framework; includeInIndex = 0; path = Pods_SimpleDashboardWithTabbarRxSwift.framework; sourceTree = BUILT_PRODUCTS_DIR; };
		BD66F301A54D1381B4596A8E /* Pods-SimpleDashboardWithTabbarRxSwiftTests.debug.xcconfig */ = {isa = PBXFileReference; includeInIndex = 1; lastKnownFileType = text.xcconfig; name = "Pods-SimpleDashboardWithTabbarRxSwiftTests.debug.xcconfig"; path = "Target Support Files/Pods-SimpleDashboardWithTabbarRxSwiftTests/Pods-SimpleDashboardWithTabbarRxSwiftTests.debug.xcconfig"; sourceTree = "<group>"; };
		C0D50AD744C19D23DF347169 /* Pods-SimpleDashboardWithTabbarRxSwiftUITests.release.xcconfig */ = {isa = PBXFileReference; includeInIndex = 1; lastKnownFileType = text.xcconfig; name = "Pods-SimpleDashboardWithTabbarRxSwiftUITests.release.xcconfig"; path = "Target Support Files/Pods-SimpleDashboardWithTabbarRxSwiftUITests/Pods-SimpleDashboardWithTabbarRxSwiftUITests.release.xcconfig"; sourceTree = "<group>"; };
		C124C765D2CA2C645E25286C /* Pods-SimpleDashboardWithTabbarRxSwiftUITests.debug.xcconfig */ = {isa = PBXFileReference; includeInIndex = 1; lastKnownFileType = text.xcconfig; name = "Pods-SimpleDashboardWithTabbarRxSwiftUITests.debug.xcconfig"; path = "Target Support Files/Pods-SimpleDashboardWithTabbarRxSwiftUITests/Pods-SimpleDashboardWithTabbarRxSwiftUITests.debug.xcconfig"; sourceTree = "<group>"; };
/* End PBXFileReference section */

/* Begin PBXFrameworksBuildPhase section */
		869F647B22B32B9100F073C5 /* Frameworks */ = {
			isa = PBXFrameworksBuildPhase;
			buildActionMask = 2147483647;
			files = (
				67A3F4D2F5CABF11836B268D /* Pods_SimpleDashboardWithTabbarRxSwift.framework in Frameworks */,
			);
			runOnlyForDeploymentPostprocessing = 0;
		};
		869F649122B32B9200F073C5 /* Frameworks */ = {
			isa = PBXFrameworksBuildPhase;
			buildActionMask = 2147483647;
			files = (
				2D1D75F5320834B423F6B893 /* Pods_SimpleDashboardWithTabbarRxSwiftTests.framework in Frameworks */,
			);
			runOnlyForDeploymentPostprocessing = 0;
		};
		869F649C22B32B9200F073C5 /* Frameworks */ = {
			isa = PBXFrameworksBuildPhase;
			buildActionMask = 2147483647;
			files = (
				813D6FD3AA7F19E3ECBB3F1A /* Pods_SimpleDashboardWithTabbarRxSwiftUITests.framework in Frameworks */,
			);
			runOnlyForDeploymentPostprocessing = 0;
		};
/* End PBXFrameworksBuildPhase section */

/* Begin PBXGroup section */
		653FEB1FC18E5CDBDCD92997 /* Frameworks */ = {
			isa = PBXGroup;
			children = (
				B9D9652137F0DA6F98B3614D /* Pods_SimpleDashboardWithTabbarRxSwift.framework */,
				7BB8C52901BD67B3EBAA97C5 /* Pods_SimpleDashboardWithTabbarRxSwiftTests.framework */,
				A52B8B3CF0D46EBA685D23C5 /* Pods_SimpleDashboardWithTabbarRxSwiftUITests.framework */,
			);
			name = Frameworks;
			sourceTree = "<group>";
		};
		869F647522B32B9100F073C5 = {
			isa = PBXGroup;
			children = (
				869F648022B32B9100F073C5 /* SimpleDashboardWithTabbarRxSwift */,
				869F649722B32B9200F073C5 /* SimpleDashboardWithTabbarRxSwiftTests */,
				869F64A222B32B9200F073C5 /* SimpleDashboardWithTabbarRxSwiftUITests */,
				869F647F22B32B9100F073C5 /* Products */,
				B95D93170F5648341120BCE9 /* Pods */,
				653FEB1FC18E5CDBDCD92997 /* Frameworks */,
			);
			sourceTree = "<group>";
		};
		869F647F22B32B9100F073C5 /* Products */ = {
			isa = PBXGroup;
			children = (
				869F647E22B32B9100F073C5 /* SimpleDashboardWithTabbarRxSwift.app */,
				869F649422B32B9200F073C5 /* SimpleDashboardWithTabbarRxSwiftTests.xctest */,
				869F649F22B32B9200F073C5 /* SimpleDashboardWithTabbarRxSwiftUITests.xctest */,
			);
			name = Products;
			sourceTree = "<group>";
		};
		869F648022B32B9100F073C5 /* SimpleDashboardWithTabbarRxSwift */ = {
			isa = PBXGroup;
			children = (
				869F648122B32B9100F073C5 /* AppDelegate.swift */,
				869F648322B32B9100F073C5 /* FirstViewController.swift */,
				869F648522B32B9100F073C5 /* SecondViewController.swift */,
				869F64B122B32C5D00F073C5 /* TabbarController.swift */,
				869F648722B32B9100F073C5 /* Main.storyboard */,
				869F648A22B32B9200F073C5 /* Assets.xcassets */,
				869F648C22B32B9200F073C5 /* LaunchScreen.storyboard */,
				869F648F22B32B9200F073C5 /* Info.plist */,
			);
			path = SimpleDashboardWithTabbarRxSwift;
			sourceTree = "<group>";
		};
		869F649722B32B9200F073C5 /* SimpleDashboardWithTabbarRxSwiftTests */ = {
			isa = PBXGroup;
			children = (
				869F649822B32B9200F073C5 /* SimpleDashboardWithTabbarRxSwiftTests.swift */,
				869F649A22B32B9200F073C5 /* Info.plist */,
			);
			path = SimpleDashboardWithTabbarRxSwiftTests;
			sourceTree = "<group>";
		};
		869F64A222B32B9200F073C5 /* SimpleDashboardWithTabbarRxSwiftUITests */ = {
			isa = PBXGroup;
			children = (
				869F64A322B32B9200F073C5 /* SimpleDashboardWithTabbarRxSwiftUITests.swift */,
				869F64A522B32B9200F073C5 /* Info.plist */,
			);
			path = SimpleDashboardWithTabbarRxSwiftUITests;
			sourceTree = "<group>";
		};
		B95D93170F5648341120BCE9 /* Pods */ = {
			isa = PBXGroup;
			children = (
				0651137CB23DCC594AA805AB /* Pods-SimpleDashboardWithTabbarRxSwift.debug.xcconfig */,
				657BB4239B253466A586BE8E /* Pods-SimpleDashboardWithTabbarRxSwift.release.xcconfig */,
				BD66F301A54D1381B4596A8E /* Pods-SimpleDashboardWithTabbarRxSwiftTests.debug.xcconfig */,
				6A5626B31791792C77F2DCC5 /* Pods-SimpleDashboardWithTabbarRxSwiftTests.release.xcconfig */,
				C124C765D2CA2C645E25286C /* Pods-SimpleDashboardWithTabbarRxSwiftUITests.debug.xcconfig */,
				C0D50AD744C19D23DF347169 /* Pods-SimpleDashboardWithTabbarRxSwiftUITests.release.xcconfig */,
			);
			path = Pods;
			sourceTree = "<group>";
		};
/* End PBXGroup section */

/* Begin PBXNativeTarget section */
		869F647D22B32B9100F073C5 /* SimpleDashboardWithTabbarRxSwift */ = {
			isa = PBXNativeTarget;
			buildConfigurationList = 869F64A822B32B9200F073C5 /* Build configuration list for PBXNativeTarget "SimpleDashboardWithTabbarRxSwift" */;
			buildPhases = (
				D4F65B81A55E55577F224465 /* [CP] Check Pods Manifest.lock */,
				869F647A22B32B9100F073C5 /* Sources */,
				869F647B22B32B9100F073C5 /* Frameworks */,
				869F647C22B32B9100F073C5 /* Resources */,
				ED3D3D9E99F8BCF9DDF00024 /* [CP] Embed Pods Frameworks */,
			);
			buildRules = (
			);
			dependencies = (
			);
			name = SimpleDashboardWithTabbarRxSwift;
			productName = SimpleDashboardWithTabbarRxSwift;
			productReference = 869F647E22B32B9100F073C5 /* SimpleDashboardWithTabbarRxSwift.app */;
			productType = "com.apple.product-type.application";
		};
		869F649322B32B9200F073C5 /* SimpleDashboardWithTabbarRxSwiftTests */ = {
			isa = PBXNativeTarget;
			buildConfigurationList = 869F64AB22B32B9200F073C5 /* Build configuration list for PBXNativeTarget "SimpleDashboardWithTabbarRxSwiftTests" */;
			buildPhases = (
				BDB8AC5EB7FC89C11EC3EE97 /* [CP] Check Pods Manifest.lock */,
				869F649022B32B9200F073C5 /* Sources */,
				869F649122B32B9200F073C5 /* Frameworks */,
				869F649222B32B9200F073C5 /* Resources */,
			);
			buildRules = (
			);
			dependencies = (
				869F649622B32B9200F073C5 /* PBXTargetDependency */,
			);
			name = SimpleDashboardWithTabbarRxSwiftTests;
			productName = SimpleDashboardWithTabbarRxSwiftTests;
			productReference = 869F649422B32B9200F073C5 /* SimpleDashboardWithTabbarRxSwiftTests.xctest */;
			productType = "com.apple.product-type.bundle.unit-test";
		};
		869F649E22B32B9200F073C5 /* SimpleDashboardWithTabbarRxSwiftUITests */ = {
			isa = PBXNativeTarget;
			buildConfigurationList = 869F64AE22B32B9200F073C5 /* Build configuration list for PBXNativeTarget "SimpleDashboardWithTabbarRxSwiftUITests" */;
			buildPhases = (
				0282870132FA49692BCDBAAC /* [CP] Check Pods Manifest.lock */,
				869F649B22B32B9200F073C5 /* Sources */,
				869F649C22B32B9200F073C5 /* Frameworks */,
				869F649D22B32B9200F073C5 /* Resources */,
			);
			buildRules = (
			);
			dependencies = (
				869F64A122B32B9200F073C5 /* PBXTargetDependency */,
			);
			name = SimpleDashboardWithTabbarRxSwiftUITests;
			productName = SimpleDashboardWithTabbarRxSwiftUITests;
			productReference = 869F649F22B32B9200F073C5 /* SimpleDashboardWithTabbarRxSwiftUITests.xctest */;
			productType = "com.apple.product-type.bundle.ui-testing";
		};
/* End PBXNativeTarget section */

/* Begin PBXProject section */
		869F647622B32B9100F073C5 /* Project object */ = {
			isa = PBXProject;
			attributes = {
				LastSwiftUpdateCheck = 1010;
				LastUpgradeCheck = 1010;
				ORGANIZATIONNAME = VVCSoft;
				TargetAttributes = {
					869F647D22B32B9100F073C5 = {
						CreatedOnToolsVersion = 10.1;
					};
					869F649322B32B9200F073C5 = {
						CreatedOnToolsVersion = 10.1;
						TestTargetID = 869F647D22B32B9100F073C5;
					};
					869F649E22B32B9200F073C5 = {
						CreatedOnToolsVersion = 10.1;
						TestTargetID = 869F647D22B32B9100F073C5;
					};
				};
			};
			buildConfigurationList = 869F647922B32B9100F073C5 /* Build configuration list for PBXProject "SimpleDashboardWithTabbarRxSwift" */;
			compatibilityVersion = "Xcode 9.3";
			developmentRegion = en;
			hasScannedForEncodings = 0;
			knownRegions = (
				en,
				Base,
			);
			mainGroup = 869F647522B32B9100F073C5;
			productRefGroup = 869F647F22B32B9100F073C5 /* Products */;
			projectDirPath = "";
			projectRoot = "";
			targets = (
				869F647D22B32B9100F073C5 /* SimpleDashboardWithTabbarRxSwift */,
				869F649322B32B9200F073C5 /* SimpleDashboardWithTabbarRxSwiftTests */,
				869F649E22B32B9200F073C5 /* SimpleDashboardWithTabbarRxSwiftUITests */,
			);
		};
/* End PBXProject section */

/* Begin PBXResourcesBuildPhase section */
		869F647C22B32B9100F073C5 /* Resources */ = {
			isa = PBXResourcesBuildPhase;
			buildActionMask = 2147483647;
			files = (
				869F648E22B32B9200F073C5 /* LaunchScreen.storyboard in Resources */,
				869F648B22B32B9200F073C5 /* Assets.xcassets in Resources */,
				869F648922B32B9100F073C5 /* Main.storyboard in Resources */,
			);
			runOnlyForDeploymentPostprocessing = 0;
		};
		869F649222B32B9200F073C5 /* Resources */ = {
			isa = PBXResourcesBuildPhase;
			buildActionMask = 2147483647;
			files = (
			);
			runOnlyForDeploymentPostprocessing = 0;
		};
		869F649D22B32B9200F073C5 /* Resources */ = {
			isa = PBXResourcesBuildPhase;
			buildActionMask = 2147483647;
			files = (
			);
			runOnlyForDeploymentPostprocessing = 0;
		};
/* End PBXResourcesBuildPhase section */

/* Begin PBXShellScriptBuildPhase section */
		0282870132FA49692BCDBAAC /* [CP] Check Pods Manifest.lock */ = {
			isa = PBXShellScriptBuildPhase;
			buildActionMask = 2147483647;
			files = (
			);
			inputFileListPaths = (
			);
			inputPaths = (
				"${PODS_PODFILE_DIR_PATH}/Podfile.lock",
				"${PODS_ROOT}/Manifest.lock",
			);
			name = "[CP] Check Pods Manifest.lock";
			outputFileListPaths = (
			);
			outputPaths = (
				"$(DERIVED_FILE_DIR)/Pods-SimpleDashboardWithTabbarRxSwiftUITests-checkManifestLockResult.txt",
			);
			runOnlyForDeploymentPostprocessing = 0;
			shellPath = /bin/sh;
			shellScript = "diff \"${PODS_PODFILE_DIR_PATH}/Podfile.lock\" \"${PODS_ROOT}/Manifest.lock\" > /dev/null\nif [ $? != 0 ] ; then\n    # print error to STDERR\n    echo \"error: The sandbox is not in sync with the Podfile.lock. Run 'pod install' or update your CocoaPods installation.\" >&2\n    exit 1\nfi\n# This output is used by Xcode 'outputs' to avoid re-running this script phase.\necho \"SUCCESS\" > \"${SCRIPT_OUTPUT_FILE_0}\"\n";
			showEnvVarsInLog = 0;
		};
		BDB8AC5EB7FC89C11EC3EE97 /* [CP] Check Pods Manifest.lock */ = {
			isa = PBXShellScriptBuildPhase;
			buildActionMask = 2147483647;
			files = (
			);
			inputFileListPaths = (
			);
			inputPaths = (
				"${PODS_PODFILE_DIR_PATH}/Podfile.lock",
				"${PODS_ROOT}/Manifest.lock",
			);
			name = "[CP] Check Pods Manifest.lock";
			outputFileListPaths = (
			);
			outputPaths = (
				"$(DERIVED_FILE_DIR)/Pods-SimpleDashboardWithTabbarRxSwiftTests-checkManifestLockResult.txt",
			);
			runOnlyForDeploymentPostprocessing = 0;
			shellPath = /bin/sh;
			shellScript = "diff \"${PODS_PODFILE_DIR_PATH}/Podfile.lock\" \"${PODS_ROOT}/Manifest.lock\" > /dev/null\nif [ $? != 0 ] ; then\n    # print error to STDERR\n    echo \"error: The sandbox is not in sync with the Podfile.lock. Run 'pod install' or update your CocoaPods installation.\" >&2\n    exit 1\nfi\n# This output is used by Xcode 'outputs' to avoid re-running this script phase.\necho \"SUCCESS\" > \"${SCRIPT_OUTPUT_FILE_0}\"\n";
			showEnvVarsInLog = 0;
		};
		D4F65B81A55E55577F224465 /* [CP] Check Pods Manifest.lock */ = {
			isa = PBXShellScriptBuildPhase;
			buildActionMask = 2147483647;
			files = (
			);
			inputFileListPaths = (
			);
			inputPaths = (
				"${PODS_PODFILE_DIR_PATH}/Podfile.lock",
				"${PODS_ROOT}/Manifest.lock",
			);
			name = "[CP] Check Pods Manifest.lock";
			outputFileListPaths = (
			);
			outputPaths = (
				"$(DERIVED_FILE_DIR)/Pods-SimpleDashboardWithTabbarRxSwift-checkManifestLockResult.txt",
			);
			runOnlyForDeploymentPostprocessing = 0;
			shellPath = /bin/sh;
			shellScript = "diff \"${PODS_PODFILE_DIR_PATH}/Podfile.lock\" \"${PODS_ROOT}/Manifest.lock\" > /dev/null\nif [ $? != 0 ] ; then\n    # print error to STDERR\n    echo \"error: The sandbox is not in sync with the Podfile.lock. Run 'pod install' or update your CocoaPods installation.\" >&2\n    exit 1\nfi\n# This output is used by Xcode 'outputs' to avoid re-running this script phase.\necho \"SUCCESS\" > \"${SCRIPT_OUTPUT_FILE_0}\"\n";
			showEnvVarsInLog = 0;
		};
		ED3D3D9E99F8BCF9DDF00024 /* [CP] Embed Pods Frameworks */ = {
			isa = PBXShellScriptBuildPhase;
			buildActionMask = 2147483647;
			files = (
			);
			inputFileListPaths = (
			);
			inputPaths = (
				"${PODS_ROOT}/Target Support Files/Pods-SimpleDashboardWithTabbarRxSwift/Pods-SimpleDashboardWithTabbarRxSwift-frameworks.sh",
				"${BUILT_PRODUCTS_DIR}/RxCocoa/RxCocoa.framework",
				"${BUILT_PRODUCTS_DIR}/RxSwift/RxSwift.framework",
			);
			name = "[CP] Embed Pods Frameworks";
			outputFileListPaths = (
			);
			outputPaths = (
				"${TARGET_BUILD_DIR}/${FRAMEWORKS_FOLDER_PATH}/RxCocoa.framework",
				"${TARGET_BUILD_DIR}/${FRAMEWORKS_FOLDER_PATH}/RxSwift.framework",
			);
			runOnlyForDeploymentPostprocessing = 0;
			shellPath = /bin/sh;
			shellScript = "\"${PODS_ROOT}/Target Support Files/Pods-SimpleDashboardWithTabbarRxSwift/Pods-SimpleDashboardWithTabbarRxSwift-frameworks.sh\"\n";
			showEnvVarsInLog = 0;
		};
/* End PBXShellScriptBuildPhase section */

/* Begin PBXSourcesBuildPhase section */
		869F647A22B32B9100F073C5 /* Sources */ = {
			isa = PBXSourcesBuildPhase;
			buildActionMask = 2147483647;
			files = (
				869F648622B32B9100F073C5 /* SecondViewController.swift in Sources */,
				869F64B222B32C5D00F073C5 /* TabbarController.swift in Sources */,
				869F648222B32B9100F073C5 /* AppDelegate.swift in Sources */,
				869F648422B32B9100F073C5 /* FirstViewController.swift in Sources */,
			);
			runOnlyForDeploymentPostprocessing = 0;
		};
		869F649022B32B9200F073C5 /* Sources */ = {
			isa = PBXSourcesBuildPhase;
			buildActionMask = 2147483647;
			files = (
				869F649922B32B9200F073C5 /* SimpleDashboardWithTabbarRxSwiftTests.swift in Sources */,
			);
			runOnlyForDeploymentPostprocessing = 0;
		};
		869F649B22B32B9200F073C5 /* Sources */ = {
			isa = PBXSourcesBuildPhase;
			buildActionMask = 2147483647;
			files = (
				869F64A422B32B9200F073C5 /* SimpleDashboardWithTabbarRxSwiftUITests.swift in Sources */,
			);
			runOnlyForDeploymentPostprocessing = 0;
		};
/* End PBXSourcesBuildPhase section */

/* Begin PBXTargetDependency section */
		869F649622B32B9200F073C5 /* PBXTargetDependency */ = {
			isa = PBXTargetDependency;
			target = 869F647D22B32B9100F073C5 /* SimpleDashboardWithTabbarRxSwift */;
			targetProxy = 869F649522B32B9200F073C5 /* PBXContainerItemProxy */;
		};
		869F64A122B32B9200F073C5 /* PBXTargetDependency */ = {
			isa = PBXTargetDependency;
			target = 869F647D22B32B9100F073C5 /* SimpleDashboardWithTabbarRxSwift */;
			targetProxy = 869F64A022B32B9200F073C5 /* PBXContainerItemProxy */;
		};
/* End PBXTargetDependency section */

/* Begin PBXVariantGroup section */
		869F648722B32B9100F073C5 /* Main.storyboard */ = {
			isa = PBXVariantGroup;
			children = (
				869F648822B32B9100F073C5 /* Base */,
			);
			name = Main.storyboard;
			sourceTree = "<group>";
		};
		869F648C22B32B9200F073C5 /* LaunchScreen.storyboard */ = {
			isa = PBXVariantGroup;
			children = (
				869F648D22B32B9200F073C5 /* Base */,
			);
			name = LaunchScreen.storyboard;
			sourceTree = "<group>";
		};
/* End PBXVariantGroup section */

/* Begin XCBuildConfiguration section */
		869F64A622B32B9200F073C5 /* Debug */ = {
			isa = XCBuildConfiguration;
			buildSettings = {
				ALWAYS_SEARCH_USER_PATHS = NO;
				CLANG_ANALYZER_NONNULL = YES;
				CLANG_ANALYZER_NUMBER_OBJECT_CONVERSION = YES_AGGRESSIVE;
				CLANG_CXX_LANGUAGE_STANDARD = "gnu++14";
				CLANG_CXX_LIBRARY = "libc++";
				CLANG_ENABLE_MODULES = YES;
				CLANG_ENABLE_OBJC_ARC = YES;
				CLANG_ENABLE_OBJC_WEAK = YES;
				CLANG_WARN_BLOCK_CAPTURE_AUTORELEASING = YES;
				CLANG_WARN_BOOL_CONVERSION = YES;
				CLANG_WARN_COMMA = YES;
				CLANG_WARN_CONSTANT_CONVERSION = YES;
				CLANG_WARN_DEPRECATED_OBJC_IMPLEMENTATIONS = YES;
				CLANG_WARN_DIRECT_OBJC_ISA_USAGE = YES_ERROR;
				CLANG_WARN_DOCUMENTATION_COMMENTS = YES;
				CLANG_WARN_EMPTY_BODY = YES;
				CLANG_WARN_ENUM_CONVERSION = YES;
				CLANG_WARN_INFINITE_RECURSION = YES;
				CLANG_WARN_INT_CONVERSION = YES;
				CLANG_WARN_NON_LITERAL_NULL_CONVERSION = YES;
				CLANG_WARN_OBJC_IMPLICIT_RETAIN_SELF = YES;
				CLANG_WARN_OBJC_LITERAL_CONVERSION = YES;
				CLANG_WARN_OBJC_ROOT_CLASS = YES_ERROR;
				CLANG_WARN_RANGE_LOOP_ANALYSIS = YES;
				CLANG_WARN_STRICT_PROTOTYPES = YES;
				CLANG_WARN_SUSPICIOUS_MOVE = YES;
				CLANG_WARN_UNGUARDED_AVAILABILITY = YES_AGGRESSIVE;
				CLANG_WARN_UNREACHABLE_CODE = YES;
				CLANG_WARN__DUPLICATE_METHOD_MATCH = YES;
				CODE_SIGN_IDENTITY = "iPhone Developer";
				COPY_PHASE_STRIP = NO;
				DEBUG_INFORMATION_FORMAT = dwarf;
				ENABLE_STRICT_OBJC_MSGSEND = YES;
				ENABLE_TESTABILITY = YES;
				GCC_C_LANGUAGE_STANDARD = gnu11;
				GCC_DYNAMIC_NO_PIC = NO;
				GCC_NO_COMMON_BLOCKS = YES;
				GCC_OPTIMIZATION_LEVEL = 0;
				GCC_PREPROCESSOR_DEFINITIONS = (
					"DEBUG=1",
					"$(inherited)",
				);
				GCC_WARN_64_TO_32_BIT_CONVERSION = YES;
				GCC_WARN_ABOUT_RETURN_TYPE = YES_ERROR;
				GCC_WARN_UNDECLARED_SELECTOR = YES;
				GCC_WARN_UNINITIALIZED_AUTOS = YES_AGGRESSIVE;
				GCC_WARN_UNUSED_FUNCTION = YES;
				GCC_WARN_UNUSED_VARIABLE = YES;
				IPHONEOS_DEPLOYMENT_TARGET = 12.1;
				MTL_ENABLE_DEBUG_INFO = INCLUDE_SOURCE;
				MTL_FAST_MATH = YES;
				ONLY_ACTIVE_ARCH = YES;
				SDKROOT = iphoneos;
				SWIFT_ACTIVE_COMPILATION_CONDITIONS = DEBUG;
				SWIFT_OPTIMIZATION_LEVEL = "-Onone";
			};
			name = Debug;
		};
		869F64A722B32B9200F073C5 /* Release */ = {
			isa = XCBuildConfiguration;
			buildSettings = {
				ALWAYS_SEARCH_USER_PATHS = NO;
				CLANG_ANALYZER_NONNULL = YES;
				CLANG_ANALYZER_NUMBER_OBJECT_CONVERSION = YES_AGGRESSIVE;
				CLANG_CXX_LANGUAGE_STANDARD = "gnu++14";
				CLANG_CXX_LIBRARY = "libc++";
				CLANG_ENABLE_MODULES = YES;
				CLANG_ENABLE_OBJC_ARC = YES;
				CLANG_ENABLE_OBJC_WEAK = YES;
				CLANG_WARN_BLOCK_CAPTURE_AUTORELEASING = YES;
				CLANG_WARN_BOOL_CONVERSION = YES;
				CLANG_WARN_COMMA = YES;
				CLANG_WARN_CONSTANT_CONVERSION = YES;
				CLANG_WARN_DEPRECATED_OBJC_IMPLEMENTATIONS = YES;
				CLANG_WARN_DIRECT_OBJC_ISA_USAGE = YES_ERROR;
				CLANG_WARN_DOCUMENTATION_COMMENTS = YES;
				CLANG_WARN_EMPTY_BODY = YES;
				CLANG_WARN_ENUM_CONVERSION = YES;
				CLANG_WARN_INFINITE_RECURSION = YES;
				CLANG_WARN_INT_CONVERSION = YES;
				CLANG_WARN_NON_LITERAL_NULL_CONVERSION = YES;
				CLANG_WARN_OBJC_IMPLICIT_RETAIN_SELF = YES;
				CLANG_WARN_OBJC_LITERAL_CONVERSION = YES;
				CLANG_WARN_OBJC_ROOT_CLASS = YES_ERROR;
				CLANG_WARN_RANGE_LOOP_ANALYSIS = YES;
				CLANG_WARN_STRICT_PROTOTYPES = YES;
				CLANG_WARN_SUSPICIOUS_MOVE = YES;
				CLANG_WARN_UNGUARDED_AVAILABILITY = YES_AGGRESSIVE;
				CLANG_WARN_UNREACHABLE_CODE = YES;
				CLANG_WARN__DUPLICATE_METHOD_MATCH = YES;
				CODE_SIGN_IDENTITY = "iPhone Developer";
				COPY_PHASE_STRIP = NO;
				DEBUG_INFORMATION_FORMAT = "dwarf-with-dsym";
				ENABLE_NS_ASSERTIONS = NO;
				ENABLE_STRICT_OBJC_MSGSEND = YES;
				GCC_C_LANGUAGE_STANDARD = gnu11;
				GCC_NO_COMMON_BLOCKS = YES;
				GCC_WARN_64_TO_32_BIT_CONVERSION = YES;
				GCC_WARN_ABOUT_RETURN_TYPE = YES_ERROR;
				GCC_WARN_UNDECLARED_SELECTOR = YES;
				GCC_WARN_UNINITIALIZED_AUTOS = YES_AGGRESSIVE;
				GCC_WARN_UNUSED_FUNCTION = YES;
				GCC_WARN_UNUSED_VARIABLE = YES;
				IPHONEOS_DEPLOYMENT_TARGET = 12.1;
				MTL_ENABLE_DEBUG_INFO = NO;
				MTL_FAST_MATH = YES;
				SDKROOT = iphoneos;
				SWIFT_COMPILATION_MODE = wholemodule;
				SWIFT_OPTIMIZATION_LEVEL = "-O";
				VALIDATE_PRODUCT = YES;
			};
			name = Release;
		};
		869F64A922B32B9200F073C5 /* Debug */ = {
			isa = XCBuildConfiguration;
			baseConfigurationReference = 0651137CB23DCC594AA805AB /* Pods-SimpleDashboardWithTabbarRxSwift.debug.xcconfig */;
			buildSettings = {
				ASSETCATALOG_COMPILER_APPICON_NAME = AppIcon;
				CODE_SIGN_STYLE = Automatic;
				DEVELOPMENT_TEAM = 6UWE2EP59T;
				INFOPLIST_FILE = SimpleDashboardWithTabbarRxSwift/Info.plist;
				IPHONEOS_DEPLOYMENT_TARGET = 12;
				LD_RUNPATH_SEARCH_PATHS = (
					"$(inherited)",
					"@executable_path/Frameworks",
				);
				PRODUCT_BUNDLE_IDENTIFIER = com.ph.vienn.SimpleDashboardWithTabbarRxSwift;
				PRODUCT_NAME = "$(TARGET_NAME)";
				SWIFT_VERSION = 4.2;
				TARGETED_DEVICE_FAMILY = "1,2";
			};
			name = Debug;
		};
		869F64AA22B32B9200F073C5 /* Release */ = {
			isa = XCBuildConfiguration;
			baseConfigurationReference = 657BB4239B253466A586BE8E /* Pods-SimpleDashboardWithTabbarRxSwift.release.xcconfig */;
			buildSettings = {
				ASSETCATALOG_COMPILER_APPICON_NAME = AppIcon;
				CODE_SIGN_STYLE = Automatic;
				DEVELOPMENT_TEAM = 6UWE2EP59T;
				INFOPLIST_FILE = SimpleDashboardWithTabbarRxSwift/Info.plist;
				IPHONEOS_DEPLOYMENT_TARGET = 12;
				LD_RUNPATH_SEARCH_PATHS = (
					"$(inherited)",
					"@executable_path/Frameworks",
				);
				PRODUCT_BUNDLE_IDENTIFIER = com.ph.vienn.SimpleDashboardWithTabbarRxSwift;
				PRODUCT_NAME = "$(TARGET_NAME)";
				SWIFT_VERSION = 4.2;
				TARGETED_DEVICE_FAMILY = "1,2";
			};
			name = Release;
		};
		869F64AC22B32B9200F073C5 /* Debug */ = {
			isa = XCBuildConfiguration;
			baseConfigurationReference = BD66F301A54D1381B4596A8E /* Pods-SimpleDashboardWithTabbarRxSwiftTests.debug.xcconfig */;
			buildSettings = {
				ALWAYS_EMBED_SWIFT_STANDARD_LIBRARIES = YES;
				BUNDLE_LOADER = "$(TEST_HOST)";
				CODE_SIGN_STYLE = Automatic;
				INFOPLIST_FILE = SimpleDashboardWithTabbarRxSwiftTests/Info.plist;
				LD_RUNPATH_SEARCH_PATHS = (
					"$(inherited)",
					"@executable_path/Frameworks",
					"@loader_path/Frameworks",
				);
				PRODUCT_BUNDLE_IDENTIFIER = com.ph.vienn.SimpleDashboardWithTabbarRxSwiftTests;
				PRODUCT_NAME = "$(TARGET_NAME)";
				SWIFT_VERSION = 4.2;
				TARGETED_DEVICE_FAMILY = "1,2";
				TEST_HOST = "$(BUILT_PRODUCTS_DIR)/SimpleDashboardWithTabbarRxSwift.app/SimpleDashboardWithTabbarRxSwift";
			};
			name = Debug;
		};
		869F64AD22B32B9200F073C5 /* Release */ = {
			isa = XCBuildConfiguration;
			baseConfigurationReference = 6A5626B31791792C77F2DCC5 /* Pods-SimpleDashboardWithTabbarRxSwiftTests.release.xcconfig */;
			buildSettings = {
				ALWAYS_EMBED_SWIFT_STANDARD_LIBRARIES = YES;
				BUNDLE_LOADER = "$(TEST_HOST)";
				CODE_SIGN_STYLE = Automatic;
				INFOPLIST_FILE = SimpleDashboardWithTabbarRxSwiftTests/Info.plist;
				LD_RUNPATH_SEARCH_PATHS = (
					"$(inherited)",
					"@executable_path/Frameworks",
					"@loader_path/Frameworks",
				);
				PRODUCT_BUNDLE_IDENTIFIER = com.ph.vienn.SimpleDashboardWithTabbarRxSwiftTests;
				PRODUCT_NAME = "$(TARGET_NAME)";
				SWIFT_VERSION = 4.2;
				TARGETED_DEVICE_FAMILY = "1,2";
				TEST_HOST = "$(BUILT_PRODUCTS_DIR)/SimpleDashboardWithTabbarRxSwift.app/SimpleDashboardWithTabbarRxSwift";
			};
			name = Release;
		};
		869F64AF22B32B9200F073C5 /* Debug */ = {
			isa = XCBuildConfiguration;
			baseConfigurationReference = C124C765D2CA2C645E25286C /* Pods-SimpleDashboardWithTabbarRxSwiftUITests.debug.xcconfig */;
			buildSettings = {
				ALWAYS_EMBED_SWIFT_STANDARD_LIBRARIES = YES;
				CODE_SIGN_STYLE = Automatic;
				INFOPLIST_FILE = SimpleDashboardWithTabbarRxSwiftUITests/Info.plist;
				LD_RUNPATH_SEARCH_PATHS = (
					"$(inherited)",
					"@executable_path/Frameworks",
					"@loader_path/Frameworks",
				);
				PRODUCT_BUNDLE_IDENTIFIER = com.ph.vienn.SimpleDashboardWithTabbarRxSwiftUITests;
				PRODUCT_NAME = "$(TARGET_NAME)";
				SWIFT_VERSION = 4.2;
				TARGETED_DEVICE_FAMILY = "1,2";
				TEST_TARGET_NAME = SimpleDashboardWithTabbarRxSwift;
			};
			name = Debug;
		};
		869F64B022B32B9200F073C5 /* Release */ = {
			isa = XCBuildConfiguration;
			baseConfigurationReference = C0D50AD744C19D23DF347169 /* Pods-SimpleDashboardWithTabbarRxSwiftUITests.release.xcconfig */;
			buildSettings = {
				ALWAYS_EMBED_SWIFT_STANDARD_LIBRARIES = YES;
				CODE_SIGN_STYLE = Automatic;
				INFOPLIST_FILE = SimpleDashboardWithTabbarRxSwiftUITests/Info.plist;
				LD_RUNPATH_SEARCH_PATHS = (
					"$(inherited)",
					"@executable_path/Frameworks",
					"@loader_path/Frameworks",
				);
				PRODUCT_BUNDLE_IDENTIFIER = com.ph.vienn.SimpleDashboardWithTabbarRxSwiftUITests;
				PRODUCT_NAME = "$(TARGET_NAME)";
				SWIFT_VERSION = 4.2;
				TARGETED_DEVICE_FAMILY = "1,2";
				TEST_TARGET_NAME = SimpleDashboardWithTabbarRxSwift;
			};
			name = Release;
		};
/* End XCBuildConfiguration section */

/* Begin XCConfigurationList section */
		869F647922B32B9100F073C5 /* Build configuration list for PBXProject "SimpleDashboardWithTabbarRxSwift" */ = {
			isa = XCConfigurationList;
			buildConfigurations = (
				869F64A622B32B9200F073C5 /* Debug */,
				869F64A722B32B9200F073C5 /* Release */,
			);
			defaultConfigurationIsVisible = 0;
			defaultConfigurationName = Release;
		};
		869F64A822B32B9200F073C5 /* Build configuration list for PBXNativeTarget "SimpleDashboardWithTabbarRxSwift" */ = {
			isa = XCConfigurationList;
			buildConfigurations = (
				869F64A922B32B9200F073C5 /* Debug */,
				869F64AA22B32B9200F073C5 /* Release */,
			);
			defaultConfigurationIsVisible = 0;
			defaultConfigurationName = Release;
		};
		869F64AB22B32B9200F073C5 /* Build configuration list for PBXNativeTarget "SimpleDashboardWithTabbarRxSwiftTests" */ = {
			isa = XCConfigurationList;
			buildConfigurations = (
				869F64AC22B32B9200F073C5 /* Debug */,
				869F64AD22B32B9200F073C5 /* Release */,
			);
			defaultConfigurationIsVisible = 0;
			defaultConfigurationName = Release;
		};
		869F64AE22B32B9200F073C5 /* Build configuration list for PBXNativeTarget "SimpleDashboardWithTabbarRxSwiftUITests" */ = {
			isa = XCConfigurationList;
			buildConfigurations = (
				869F64AF22B32B9200F073C5 /* Debug */,
				869F64B022B32B9200F073C5 /* Release */,
			);
			defaultConfigurationIsVisible = 0;
			defaultConfigurationName = Release;
		};
/* End XCConfigurationList section */
	};
	rootObject = 869F647622B32B9100F073C5 /* Project object */;
}
